
Microsoft Visual Studio Solution File, Format Version 12.00
# Visual Studio Version 17
VisualStudioVersion = 17.0.31912.275
MinimumVisualStudioVersion = 10.0.40219.1
Project("{FAE04EC0-301F-11D3-BF4B-00C04F79EFBC}") = "GearSearch.WebApi", "GearSearch.WebApi\GearSearch.WebApi.csproj", "{C47BF479-AC24-4F1F-AA43-8B1E077160E9}"
EndProject
Global
	GlobalSection(SolutionConfigurationPlatforms) = preSolution
		Debug|Any CPU = Debug|Any CPU
		Release|Any CPU = Release|Any CPU
	EndGlobalSection
	GlobalSection(ProjectConfigurationPlatforms) = postSolution
		{C47BF479-AC24-4F1F-AA43-8B1E077160E9}.Debug|Any CPU.ActiveCfg = Debug|Any CPU
		{C47BF479-AC24-4F1F-AA43-8B1E077160E9}.Debug|Any CPU.Build.0 = Debug|Any CPU
		{C47BF479-AC24-4F1F-AA43-8B1E077160E9}.Release|Any CPU.ActiveCfg = Release|Any CPU
		{C47BF479-AC24-4F1F-AA43-8B1E077160E9}.Release|Any CPU.Build.0 = Release|Any CPU
	EndGlobalSection
	GlobalSection(SolutionProperties) = preSolution
		HideSolutionNode = FALSE
	EndGlobalSection
	GlobalSection(ExtensibilityGlobals) = postSolution
		SolutionGuid = {B3083B25-03BC-4742-BAC0-6FE0C559EAF2}
	EndGlobalSection
EndGlobal
